
Microsoft Visual Studio Solution File, Format Version 12.00
# Visual Studio Version 17
VisualStudioVersion = 17.0.31903.59
MinimumVisualStudioVersion = 10.0.40219.1
Project("{2150E333-8FDC-42A3-9474-1A3956D46DE8}") = "src", "src", "{0D4EE873-9F99-42B6-A87F-A20B1449E494}"
EndProject
Project("{FAE04EC0-301F-11D3-BF4B-00C04F79EFBC}") = "TravelAgency.Webapi", "src\TravelAgency.Webapi\TravelAgency.Webapi.csproj", "{26E1482A-25FA-4BB7-9E8F-FDA3390ADCB1}"
EndProject
Global
	GlobalSection(SolutionConfigurationPlatforms) = preSolution
		Debug|Any CPU = Debug|Any CPU
		Release|Any CPU = Release|Any CPU
	EndGlobalSection
	GlobalSection(SolutionProperties) = preSolution
		HideSolutionNode = FALSE
	EndGlobalSection
	GlobalSection(ProjectConfigurationPlatforms) = postSolution
		{26E1482A-25FA-4BB7-9E8F-FDA3390ADCB1}.Debug|Any CPU.ActiveCfg = Debug|Any CPU
		{26E1482A-25FA-4BB7-9E8F-FDA3390ADCB1}.Debug|Any CPU.Build.0 = Debug|Any CPU
		{26E1482A-25FA-4BB7-9E8F-FDA3390ADCB1}.Release|Any CPU.ActiveCfg = Release|Any CPU
		{26E1482A-25FA-4BB7-9E8F-FDA3390ADCB1}.Release|Any CPU.Build.0 = Release|Any CPU
	EndGlobalSection
	GlobalSection(NestedProjects) = preSolution
		{26E1482A-25FA-4BB7-9E8F-FDA3390ADCB1} = {0D4EE873-9F99-42B6-A87F-A20B1449E494}
	EndGlobalSection
EndGlobal
